
Microsoft Visual Studio Solution File, Format Version 12.00
Project("{FAE04EC0-301F-11D3-BF4B-00C04F79EFBC}") = "GameBoard", "GameBoard\GameBoard.csproj", "{C326F0E8-DB04-49B5-A593-EF011941819F}"
EndProject
Global
	GlobalSection(SolutionConfigurationPlatforms) = preSolution
		Debug|Any CPU = Debug|Any CPU
		Release|Any CPU = Release|Any CPU
	EndGlobalSection
	GlobalSection(ProjectConfigurationPlatforms) = postSolution
		{C326F0E8-DB04-49B5-A593-EF011941819F}.Debug|Any CPU.ActiveCfg = Debug|Any CPU
		{C326F0E8-DB04-49B5-A593-EF011941819F}.Debug|Any CPU.Build.0 = Debug|Any CPU
		{C326F0E8-DB04-49B5-A593-EF011941819F}.Release|Any CPU.ActiveCfg = Release|Any CPU
		{C326F0E8-DB04-49B5-A593-EF011941819F}.Release|Any CPU.Build.0 = Release|Any CPU
	EndGlobalSection
EndGlobal
